
Microsoft Visual Studio Solution File, Format Version 12.00
# Visual Studio Version 17
VisualStudioVersion = 17.6.33815.320
MinimumVisualStudioVersion = 10.0.40219.1
Project("{FAE04EC0-301F-11D3-BF4B-00C04F79EFBC}") = "ReadRate", "ReadRate.csproj", "{FDE15B5C-B6B0-405E-B00F-448421DCFEFC}"
EndProject
Global
	GlobalSection(SolutionConfigurationPlatforms) = preSolution
		Debug|Any CPU = Debug|Any CPU
		Release|Any CPU = Release|Any CPU
	EndGlobalSection
	GlobalSection(ProjectConfigurationPlatforms) = postSolution
		{FDE15B5C-B6B0-405E-B00F-448421DCFEFC}.Debug|Any CPU.ActiveCfg = Debug|Any CPU
		{FDE15B5C-B6B0-405E-B00F-448421DCFEFC}.Debug|Any CPU.Build.0 = Debug|Any CPU
		{FDE15B5C-B6B0-405E-B00F-448421DCFEFC}.Release|Any CPU.ActiveCfg = Release|Any CPU
		{FDE15B5C-B6B0-405E-B00F-448421DCFEFC}.Release|Any CPU.Build.0 = Release|Any CPU
	EndGlobalSection
	GlobalSection(SolutionProperties) = preSolution
		HideSolutionNode = FALSE
	EndGlobalSection
	GlobalSection(ExtensibilityGlobals) = postSolution
		SolutionGuid = {7CFBD113-FE84-496B-9F26-79F427B4172F}
	EndGlobalSection
EndGlobal
